// !$*UTF8*$!
{
	archiveVersion = 1;
	classes = {
	};
	objectVersion = 56;
	objects = {

/* Begin PBXBuildFile section */
		2BCBED142B8EF28A0035C91F /* AppDelegate.swift in Sources */ = {isa = PBXBuildFile; fileRef = 2BCBED132B8EF28A0035C91F /* AppDelegate.swift */; };
		2BCBED162B8EF28A0035C91F /* SceneDelegate.swift in Sources */ = {isa = PBXBuildFile; fileRef = 2BCBED152B8EF28A0035C91F /* SceneDelegate.swift */; };
		2BCBED182B8EF28A0035C91F /* CharacterListViewController.swift in Sources */ = {isa = PBXBuildFile; fileRef = 2BCBED172B8EF28A0035C91F /* CharacterListViewController.swift */; };
		2BCBED1D2B8EF28E0035C91F /* Assets.xcassets in Resources */ = {isa = PBXBuildFile; fileRef = 2BCBED1C2B8EF28E0035C91F /* Assets.xcassets */; };
		2BCBED202B8EF28E0035C91F /* LaunchScreen.storyboard in Resources */ = {isa = PBXBuildFile; fileRef = 2BCBED1E2B8EF28E0035C91F /* LaunchScreen.storyboard */; };
		2BCBED342B8EFF450035C91F /* NetworkError.swift in Sources */ = {isa = PBXBuildFile; fileRef = 2BCBED332B8EFF450035C91F /* NetworkError.swift */; };
		2BCBED372B8EFFA10035C91F /* NetworkServiceType.swift in Sources */ = {isa = PBXBuildFile; fileRef = 2BCBED362B8EFFA10035C91F /* NetworkServiceType.swift */; };
		2BCBED392B8EFFAE0035C91F /* NetworkService.swift in Sources */ = {isa = PBXBuildFile; fileRef = 2BCBED382B8EFFAE0035C91F /* NetworkService.swift */; };
		2BCBED3C2B8F00AE0035C91F /* APIURLBuilder.swift in Sources */ = {isa = PBXBuildFile; fileRef = 2BCBED3B2B8F00AE0035C91F /* APIURLBuilder.swift */; };
		2BCBED3F2B8F01D60035C91F /* Endpoint.swift in Sources */ = {isa = PBXBuildFile; fileRef = 2BCBED3E2B8F01D60035C91F /* Endpoint.swift */; };
		2BCBED422B8F01F00035C91F /* HTTPMethod.swift in Sources */ = {isa = PBXBuildFile; fileRef = 2BCBED412B8F01F00035C91F /* HTTPMethod.swift */; };
		2BCBED462B8F07D30035C91F /* CharacterRepository.swift in Sources */ = {isa = PBXBuildFile; fileRef = 2BCBED452B8F07D30035C91F /* CharacterRepository.swift */; };
		2BCBED4A2B8F1DC50035C91F /* CharacterItem.swift in Sources */ = {isa = PBXBuildFile; fileRef = 2BCBED492B8F1DC50035C91F /* CharacterItem.swift */; };
		2BCBED4D2B8F20500035C91F /* CharacterLocation.swift in Sources */ = {isa = PBXBuildFile; fileRef = 2BCBED4C2B8F20500035C91F /* CharacterLocation.swift */; };
		2BCBED4F2B8F22510035C91F /* CharacterResult.swift in Sources */ = {isa = PBXBuildFile; fileRef = 2BCBED4E2B8F22510035C91F /* CharacterResult.swift */; };
/* End PBXBuildFile section */

/* Begin PBXFileReference section */
		2BCBED102B8EF28A0035C91F /* RickAndMortyVerse.app */ = {isa = PBXFileReference; explicitFileType = wrapper.application; includeInIndex = 0; path = RickAndMortyVerse.app; sourceTree = BUILT_PRODUCTS_DIR; };
		2BCBED132B8EF28A0035C91F /* AppDelegate.swift */ = {isa = PBXFileReference; lastKnownFileType = sourcecode.swift; path = AppDelegate.swift; sourceTree = "<group>"; };
		2BCBED152B8EF28A0035C91F /* SceneDelegate.swift */ = {isa = PBXFileReference; lastKnownFileType = sourcecode.swift; path = SceneDelegate.swift; sourceTree = "<group>"; };
		2BCBED172B8EF28A0035C91F /* CharacterListViewController.swift */ = {isa = PBXFileReference; lastKnownFileType = sourcecode.swift; path = CharacterListViewController.swift; sourceTree = "<group>"; };
		2BCBED1C2B8EF28E0035C91F /* Assets.xcassets */ = {isa = PBXFileReference; lastKnownFileType = folder.assetcatalog; path = Assets.xcassets; sourceTree = "<group>"; };
		2BCBED1F2B8EF28E0035C91F /* Base */ = {isa = PBXFileReference; lastKnownFileType = file.storyboard; name = Base; path = Base.lproj/LaunchScreen.storyboard; sourceTree = "<group>"; };
		2BCBED212B8EF28E0035C91F /* Info.plist */ = {isa = PBXFileReference; lastKnownFileType = text.plist.xml; name = Info.plist; path = RickAndMortyVerse/Resources/Info.plist; sourceTree = SOURCE_ROOT; };
		2BCBED332B8EFF450035C91F /* NetworkError.swift */ = {isa = PBXFileReference; lastKnownFileType = sourcecode.swift; path = NetworkError.swift; sourceTree = "<group>"; };
		2BCBED362B8EFFA10035C91F /* NetworkServiceType.swift */ = {isa = PBXFileReference; lastKnownFileType = sourcecode.swift; path = NetworkServiceType.swift; sourceTree = "<group>"; };
		2BCBED382B8EFFAE0035C91F /* NetworkService.swift */ = {isa = PBXFileReference; lastKnownFileType = sourcecode.swift; path = NetworkService.swift; sourceTree = "<group>"; };
		2BCBED3B2B8F00AE0035C91F /* APIURLBuilder.swift */ = {isa = PBXFileReference; lastKnownFileType = sourcecode.swift; path = APIURLBuilder.swift; sourceTree = "<group>"; };
		2BCBED3E2B8F01D60035C91F /* Endpoint.swift */ = {isa = PBXFileReference; lastKnownFileType = sourcecode.swift; path = Endpoint.swift; sourceTree = "<group>"; };
		2BCBED412B8F01F00035C91F /* HTTPMethod.swift */ = {isa = PBXFileReference; lastKnownFileType = sourcecode.swift; path = HTTPMethod.swift; sourceTree = "<group>"; };
		2BCBED452B8F07D30035C91F /* CharacterRepository.swift */ = {isa = PBXFileReference; lastKnownFileType = sourcecode.swift; path = CharacterRepository.swift; sourceTree = "<group>"; };
		2BCBED492B8F1DC50035C91F /* CharacterItem.swift */ = {isa = PBXFileReference; lastKnownFileType = sourcecode.swift; path = CharacterItem.swift; sourceTree = "<group>"; };
		2BCBED4C2B8F20500035C91F /* CharacterLocation.swift */ = {isa = PBXFileReference; lastKnownFileType = sourcecode.swift; path = CharacterLocation.swift; sourceTree = "<group>"; };
		2BCBED4E2B8F22510035C91F /* CharacterResult.swift */ = {isa = PBXFileReference; lastKnownFileType = sourcecode.swift; path = CharacterResult.swift; sourceTree = "<group>"; };
/* End PBXFileReference section */

/* Begin PBXFrameworksBuildPhase section */
		2BCBED0D2B8EF28A0035C91F /* Frameworks */ = {
			isa = PBXFrameworksBuildPhase;
			buildActionMask = 2147483647;
			files = (
			);
			runOnlyForDeploymentPostprocessing = 0;
		};
/* End PBXFrameworksBuildPhase section */

/* Begin PBXGroup section */
		2BCBED072B8EF28A0035C91F = {
			isa = PBXGroup;
			children = (
				2BCBED122B8EF28A0035C91F /* RickAndMortyVerse */,
				2BCBED112B8EF28A0035C91F /* Products */,
			);
			sourceTree = "<group>";
		};
		2BCBED112B8EF28A0035C91F /* Products */ = {
			isa = PBXGroup;
			children = (
				2BCBED102B8EF28A0035C91F /* RickAndMortyVerse.app */,
			);
			name = Products;
			sourceTree = "<group>";
		};
		2BCBED122B8EF28A0035C91F /* RickAndMortyVerse */ = {
			isa = PBXGroup;
			children = (
				2BCBED432B8F07BD0035C91F /* Domain */,
				2BCBED312B8EFEB70035C91F /* Network */,
				2BCBED272B8EF6BD0035C91F /* Application */,
				2BCBED282B8EF6DB0035C91F /* Scenes */,
				2BCBED2C2B8EF7E50035C91F /* Resources */,
			);
			path = RickAndMortyVerse;
			sourceTree = "<group>";
		};
		2BCBED272B8EF6BD0035C91F /* Application */ = {
			isa = PBXGroup;
			children = (
				2BCBED132B8EF28A0035C91F /* AppDelegate.swift */,
				2BCBED152B8EF28A0035C91F /* SceneDelegate.swift */,
			);
			path = Application;
			sourceTree = "<group>";
		};
		2BCBED282B8EF6DB0035C91F /* Scenes */ = {
			isa = PBXGroup;
			children = (
				2BCBED292B8EF7210035C91F /* CharacterList */,
			);
			path = Scenes;
			sourceTree = "<group>";
		};
		2BCBED292B8EF7210035C91F /* CharacterList */ = {
			isa = PBXGroup;
			children = (
				2BCBED2B2B8EF7410035C91F /* ViewController */,
				2BCBED2A2B8EF73A0035C91F /* ViewModel */,
			);
			path = CharacterList;
			sourceTree = "<group>";
		};
		2BCBED2A2B8EF73A0035C91F /* ViewModel */ = {
			isa = PBXGroup;
			children = (
			);
			path = ViewModel;
			sourceTree = "<group>";
		};
		2BCBED2B2B8EF7410035C91F /* ViewController */ = {
			isa = PBXGroup;
			children = (
				2BCBED172B8EF28A0035C91F /* CharacterListViewController.swift */,
			);
			path = ViewController;
			sourceTree = "<group>";
		};
		2BCBED2C2B8EF7E50035C91F /* Resources */ = {
			isa = PBXGroup;
			children = (
				2BCBED1E2B8EF28E0035C91F /* LaunchScreen.storyboard */,
				2BCBED1C2B8EF28E0035C91F /* Assets.xcassets */,
				2BCBED212B8EF28E0035C91F /* Info.plist */,
			);
			path = Resources;
			sourceTree = "<group>";
		};
		2BCBED312B8EFEB70035C91F /* Network */ = {
			isa = PBXGroup;
			children = (
				2BCBED402B8F01E10035C91F /* HTTPMethod */,
				2BCBED3D2B8F01C70035C91F /* Endpoint */,
				2BCBED3A2B8F00460035C91F /* APIURLBuilder */,
				2BCBED352B8EFF8A0035C91F /* Service */,
				2BCBED322B8EFF250035C91F /* Error */,
			);
			path = Network;
			sourceTree = "<group>";
		};
		2BCBED322B8EFF250035C91F /* Error */ = {
			isa = PBXGroup;
			children = (
				2BCBED332B8EFF450035C91F /* NetworkError.swift */,
			);
			path = Error;
			sourceTree = "<group>";
		};
		2BCBED352B8EFF8A0035C91F /* Service */ = {
			isa = PBXGroup;
			children = (
				2BCBED362B8EFFA10035C91F /* NetworkServiceType.swift */,
				2BCBED382B8EFFAE0035C91F /* NetworkService.swift */,
			);
			path = Service;
			sourceTree = "<group>";
		};
		2BCBED3A2B8F00460035C91F /* APIURLBuilder */ = {
			isa = PBXGroup;
			children = (
				2BCBED3B2B8F00AE0035C91F /* APIURLBuilder.swift */,
			);
			path = APIURLBuilder;
			sourceTree = "<group>";
		};
		2BCBED3D2B8F01C70035C91F /* Endpoint */ = {
			isa = PBXGroup;
			children = (
				2BCBED3E2B8F01D60035C91F /* Endpoint.swift */,
			);
			path = Endpoint;
			sourceTree = "<group>";
		};
		2BCBED402B8F01E10035C91F /* HTTPMethod */ = {
			isa = PBXGroup;
			children = (
				2BCBED412B8F01F00035C91F /* HTTPMethod.swift */,
			);
			path = HTTPMethod;
			sourceTree = "<group>";
		};
		2BCBED432B8F07BD0035C91F /* Domain */ = {
			isa = PBXGroup;
			children = (
				2BCBED482B8F1C500035C91F /* Model */,
				2BCBED442B8F07C20035C91F /* Repository */,
			);
			path = Domain;
			sourceTree = "<group>";
		};
		2BCBED442B8F07C20035C91F /* Repository */ = {
			isa = PBXGroup;
			children = (
				2BCBED452B8F07D30035C91F /* CharacterRepository.swift */,
			);
			path = Repository;
			sourceTree = "<group>";
		};
		2BCBED482B8F1C500035C91F /* Model */ = {
			isa = PBXGroup;
			children = (
				2BCBED4B2B8F203A0035C91F /* Character */,
			);
			path = Model;
			sourceTree = "<group>";
		};
		2BCBED4B2B8F203A0035C91F /* Character */ = {
			isa = PBXGroup;
			children = (
				2BCBED4E2B8F22510035C91F /* CharacterResult.swift */,
				2BCBED492B8F1DC50035C91F /* CharacterItem.swift */,
				2BCBED4C2B8F20500035C91F /* CharacterLocation.swift */,
			);
			path = Character;
			sourceTree = "<group>";
		};
/* End PBXGroup section */

/* Begin PBXNativeTarget section */
		2BCBED0F2B8EF28A0035C91F /* RickAndMortyVerse */ = {
			isa = PBXNativeTarget;
			buildConfigurationList = 2BCBED242B8EF28E0035C91F /* Build configuration list for PBXNativeTarget "RickAndMortyVerse" */;
			buildPhases = (
				2BCBED0C2B8EF28A0035C91F /* Sources */,
				2BCBED0D2B8EF28A0035C91F /* Frameworks */,
				2BCBED0E2B8EF28A0035C91F /* Resources */,
			);
			buildRules = (
			);
			dependencies = (
			);
			name = RickAndMortyVerse;
			productName = RickAndMortyVerse;
			productReference = 2BCBED102B8EF28A0035C91F /* RickAndMortyVerse.app */;
			productType = "com.apple.product-type.application";
		};
/* End PBXNativeTarget section */

/* Begin PBXProject section */
		2BCBED082B8EF28A0035C91F /* Project object */ = {
			isa = PBXProject;
			attributes = {
				BuildIndependentTargetsInParallel = 1;
				LastSwiftUpdateCheck = 1520;
				LastUpgradeCheck = 1520;
				TargetAttributes = {
					2BCBED0F2B8EF28A0035C91F = {
						CreatedOnToolsVersion = 15.2;
					};
				};
			};
			buildConfigurationList = 2BCBED0B2B8EF28A0035C91F /* Build configuration list for PBXProject "RickAndMortyVerse" */;
			compatibilityVersion = "Xcode 14.0";
			developmentRegion = en;
			hasScannedForEncodings = 0;
			knownRegions = (
				en,
				Base,
			);
			mainGroup = 2BCBED072B8EF28A0035C91F;
			productRefGroup = 2BCBED112B8EF28A0035C91F /* Products */;
			projectDirPath = "";
			projectRoot = "";
			targets = (
				2BCBED0F2B8EF28A0035C91F /* RickAndMortyVerse */,
			);
		};
/* End PBXProject section */

/* Begin PBXResourcesBuildPhase section */
		2BCBED0E2B8EF28A0035C91F /* Resources */ = {
			isa = PBXResourcesBuildPhase;
			buildActionMask = 2147483647;
			files = (
				2BCBED202B8EF28E0035C91F /* LaunchScreen.storyboard in Resources */,
				2BCBED1D2B8EF28E0035C91F /* Assets.xcassets in Resources */,
			);
			runOnlyForDeploymentPostprocessing = 0;
		};
/* End PBXResourcesBuildPhase section */

/* Begin PBXSourcesBuildPhase section */
		2BCBED0C2B8EF28A0035C91F /* Sources */ = {
			isa = PBXSourcesBuildPhase;
			buildActionMask = 2147483647;
			files = (
				2BCBED4F2B8F22510035C91F /* CharacterResult.swift in Sources */,
				2BCBED3C2B8F00AE0035C91F /* APIURLBuilder.swift in Sources */,
				2BCBED182B8EF28A0035C91F /* CharacterListViewController.swift in Sources */,
				2BCBED3F2B8F01D60035C91F /* Endpoint.swift in Sources */,
				2BCBED342B8EFF450035C91F /* NetworkError.swift in Sources */,
				2BCBED4D2B8F20500035C91F /* CharacterLocation.swift in Sources */,
				2BCBED142B8EF28A0035C91F /* AppDelegate.swift in Sources */,
				2BCBED422B8F01F00035C91F /* HTTPMethod.swift in Sources */,
				2BCBED372B8EFFA10035C91F /* NetworkServiceType.swift in Sources */,
				2BCBED392B8EFFAE0035C91F /* NetworkService.swift in Sources */,
				2BCBED162B8EF28A0035C91F /* SceneDelegate.swift in Sources */,
				2BCBED462B8F07D30035C91F /* CharacterRepository.swift in Sources */,
				2BCBED4A2B8F1DC50035C91F /* CharacterItem.swift in Sources */,
			);
			runOnlyForDeploymentPostprocessing = 0;
		};
/* End PBXSourcesBuildPhase section */

/* Begin PBXVariantGroup section */
		2BCBED1E2B8EF28E0035C91F /* LaunchScreen.storyboard */ = {
			isa = PBXVariantGroup;
			children = (
				2BCBED1F2B8EF28E0035C91F /* Base */,
			);
			name = LaunchScreen.storyboard;
			sourceTree = "<group>";
		};
/* End PBXVariantGroup section */

/* Begin XCBuildConfiguration section */
		2BCBED222B8EF28E0035C91F /* Debug */ = {
			isa = XCBuildConfiguration;
			buildSettings = {
				ALWAYS_SEARCH_USER_PATHS = NO;
				ASSETCATALOG_COMPILER_GENERATE_SWIFT_ASSET_SYMBOL_EXTENSIONS = YES;
				CLANG_ANALYZER_NONNULL = YES;
				CLANG_ANALYZER_NUMBER_OBJECT_CONVERSION = YES_AGGRESSIVE;
				CLANG_CXX_LANGUAGE_STANDARD = "gnu++20";
				CLANG_ENABLE_MODULES = YES;
				CLANG_ENABLE_OBJC_ARC = YES;
				CLANG_ENABLE_OBJC_WEAK = YES;
				CLANG_WARN_BLOCK_CAPTURE_AUTORELEASING = YES;
				CLANG_WARN_BOOL_CONVERSION = YES;
				CLANG_WARN_COMMA = YES;
				CLANG_WARN_CONSTANT_CONVERSION = YES;
				CLANG_WARN_DEPRECATED_OBJC_IMPLEMENTATIONS = YES;
				CLANG_WARN_DIRECT_OBJC_ISA_USAGE = YES_ERROR;
				CLANG_WARN_DOCUMENTATION_COMMENTS = YES;
				CLANG_WARN_EMPTY_BODY = YES;
				CLANG_WARN_ENUM_CONVERSION = YES;
				CLANG_WARN_INFINITE_RECURSION = YES;
				CLANG_WARN_INT_CONVERSION = YES;
				CLANG_WARN_NON_LITERAL_NULL_CONVERSION = YES;
				CLANG_WARN_OBJC_IMPLICIT_RETAIN_SELF = YES;
				CLANG_WARN_OBJC_LITERAL_CONVERSION = YES;
				CLANG_WARN_OBJC_ROOT_CLASS = YES_ERROR;
				CLANG_WARN_QUOTED_INCLUDE_IN_FRAMEWORK_HEADER = YES;
				CLANG_WARN_RANGE_LOOP_ANALYSIS = YES;
				CLANG_WARN_STRICT_PROTOTYPES = YES;
				CLANG_WARN_SUSPICIOUS_MOVE = YES;
				CLANG_WARN_UNGUARDED_AVAILABILITY = YES_AGGRESSIVE;
				CLANG_WARN_UNREACHABLE_CODE = YES;
				CLANG_WARN__DUPLICATE_METHOD_MATCH = YES;
				COPY_PHASE_STRIP = NO;
				DEBUG_INFORMATION_FORMAT = dwarf;
				ENABLE_STRICT_OBJC_MSGSEND = YES;
				ENABLE_TESTABILITY = YES;
				ENABLE_USER_SCRIPT_SANDBOXING = YES;
				GCC_C_LANGUAGE_STANDARD = gnu17;
				GCC_DYNAMIC_NO_PIC = NO;
				GCC_NO_COMMON_BLOCKS = YES;
				GCC_OPTIMIZATION_LEVEL = 0;
				GCC_PREPROCESSOR_DEFINITIONS = (
					"DEBUG=1",
					"$(inherited)",
				);
				GCC_WARN_64_TO_32_BIT_CONVERSION = YES;
				GCC_WARN_ABOUT_RETURN_TYPE = YES_ERROR;
				GCC_WARN_UNDECLARED_SELECTOR = YES;
				GCC_WARN_UNINITIALIZED_AUTOS = YES_AGGRESSIVE;
				GCC_WARN_UNUSED_FUNCTION = YES;
				GCC_WARN_UNUSED_VARIABLE = YES;
				IPHONEOS_DEPLOYMENT_TARGET = 17.2;
				LOCALIZATION_PREFERS_STRING_CATALOGS = YES;
				MTL_ENABLE_DEBUG_INFO = INCLUDE_SOURCE;
				MTL_FAST_MATH = YES;
				ONLY_ACTIVE_ARCH = YES;
				SDKROOT = iphoneos;
				SWIFT_ACTIVE_COMPILATION_CONDITIONS = "DEBUG $(inherited)";
				SWIFT_OPTIMIZATION_LEVEL = "-Onone";
			};
			name = Debug;
		};
		2BCBED232B8EF28E0035C91F /* Release */ = {
			isa = XCBuildConfiguration;
			buildSettings = {
				ALWAYS_SEARCH_USER_PATHS = NO;
				ASSETCATALOG_COMPILER_GENERATE_SWIFT_ASSET_SYMBOL_EXTENSIONS = YES;
				CLANG_ANALYZER_NONNULL = YES;
				CLANG_ANALYZER_NUMBER_OBJECT_CONVERSION = YES_AGGRESSIVE;
				CLANG_CXX_LANGUAGE_STANDARD = "gnu++20";
				CLANG_ENABLE_MODULES = YES;
				CLANG_ENABLE_OBJC_ARC = YES;
				CLANG_ENABLE_OBJC_WEAK = YES;
				CLANG_WARN_BLOCK_CAPTURE_AUTORELEASING = YES;
				CLANG_WARN_BOOL_CONVERSION = YES;
				CLANG_WARN_COMMA = YES;
				CLANG_WARN_CONSTANT_CONVERSION = YES;
				CLANG_WARN_DEPRECATED_OBJC_IMPLEMENTATIONS = YES;
				CLANG_WARN_DIRECT_OBJC_ISA_USAGE = YES_ERROR;
				CLANG_WARN_DOCUMENTATION_COMMENTS = YES;
				CLANG_WARN_EMPTY_BODY = YES;
				CLANG_WARN_ENUM_CONVERSION = YES;
				CLANG_WARN_INFINITE_RECURSION = YES;
				CLANG_WARN_INT_CONVERSION = YES;
				CLANG_WARN_NON_LITERAL_NULL_CONVERSION = YES;
				CLANG_WARN_OBJC_IMPLICIT_RETAIN_SELF = YES;
				CLANG_WARN_OBJC_LITERAL_CONVERSION = YES;
				CLANG_WARN_OBJC_ROOT_CLASS = YES_ERROR;
				CLANG_WARN_QUOTED_INCLUDE_IN_FRAMEWORK_HEADER = YES;
				CLANG_WARN_RANGE_LOOP_ANALYSIS = YES;
				CLANG_WARN_STRICT_PROTOTYPES = YES;
				CLANG_WARN_SUSPICIOUS_MOVE = YES;
				CLANG_WARN_UNGUARDED_AVAILABILITY = YES_AGGRESSIVE;
				CLANG_WARN_UNREACHABLE_CODE = YES;
				CLANG_WARN__DUPLICATE_METHOD_MATCH = YES;
				COPY_PHASE_STRIP = NO;
				DEBUG_INFORMATION_FORMAT = "dwarf-with-dsym";
				ENABLE_NS_ASSERTIONS = NO;
				ENABLE_STRICT_OBJC_MSGSEND = YES;
				ENABLE_USER_SCRIPT_SANDBOXING = YES;
				GCC_C_LANGUAGE_STANDARD = gnu17;
				GCC_NO_COMMON_BLOCKS = YES;
				GCC_WARN_64_TO_32_BIT_CONVERSION = YES;
				GCC_WARN_ABOUT_RETURN_TYPE = YES_ERROR;
				GCC_WARN_UNDECLARED_SELECTOR = YES;
				GCC_WARN_UNINITIALIZED_AUTOS = YES_AGGRESSIVE;
				GCC_WARN_UNUSED_FUNCTION = YES;
				GCC_WARN_UNUSED_VARIABLE = YES;
				IPHONEOS_DEPLOYMENT_TARGET = 17.2;
				LOCALIZATION_PREFERS_STRING_CATALOGS = YES;
				MTL_ENABLE_DEBUG_INFO = NO;
				MTL_FAST_MATH = YES;
				SDKROOT = iphoneos;
				SWIFT_COMPILATION_MODE = wholemodule;
				VALIDATE_PRODUCT = YES;
			};
			name = Release;
		};
		2BCBED252B8EF28E0035C91F /* Debug */ = {
			isa = XCBuildConfiguration;
			buildSettings = {
				ASSETCATALOG_COMPILER_APPICON_NAME = AppIcon;
				ASSETCATALOG_COMPILER_GLOBAL_ACCENT_COLOR_NAME = AccentColor;
				CODE_SIGN_STYLE = Automatic;
				CURRENT_PROJECT_VERSION = 1;
				GENERATE_INFOPLIST_FILE = YES;
				INFOPLIST_FILE = RickAndMortyVerse/Resources/Info.plist;
				INFOPLIST_KEY_UIApplicationSupportsIndirectInputEvents = YES;
				INFOPLIST_KEY_UILaunchStoryboardName = LaunchScreen;
				INFOPLIST_KEY_UIMainStoryboardFile = "";
				INFOPLIST_KEY_UISupportedInterfaceOrientations_iPad = "UIInterfaceOrientationPortrait UIInterfaceOrientationPortraitUpsideDown UIInterfaceOrientationLandscapeLeft UIInterfaceOrientationLandscapeRight";
				INFOPLIST_KEY_UISupportedInterfaceOrientations_iPhone = "UIInterfaceOrientationPortrait UIInterfaceOrientationLandscapeLeft UIInterfaceOrientationLandscapeRight";
				LD_RUNPATH_SEARCH_PATHS = (
					"$(inherited)",
					"@executable_path/Frameworks",
				);
				MARKETING_VERSION = 1.0;
				PRODUCT_BUNDLE_IDENTIFIER = com.ana.PieChart.RickAndMortyVerse;
				PRODUCT_NAME = "$(TARGET_NAME)";
				SWIFT_EMIT_LOC_STRINGS = YES;
				SWIFT_VERSION = 5.0;
				TARGETED_DEVICE_FAMILY = "1,2";
			};
			name = Debug;
		};
		2BCBED262B8EF28E0035C91F /* Release */ = {
			isa = XCBuildConfiguration;
			buildSettings = {
				ASSETCATALOG_COMPILER_APPICON_NAME = AppIcon;
				ASSETCATALOG_COMPILER_GLOBAL_ACCENT_COLOR_NAME = AccentColor;
				CODE_SIGN_STYLE = Automatic;
				CURRENT_PROJECT_VERSION = 1;
				GENERATE_INFOPLIST_FILE = YES;
				INFOPLIST_FILE = RickAndMortyVerse/Resources/Info.plist;
				INFOPLIST_KEY_UIApplicationSupportsIndirectInputEvents = YES;
				INFOPLIST_KEY_UILaunchStoryboardName = LaunchScreen;
				INFOPLIST_KEY_UIMainStoryboardFile = "";
				INFOPLIST_KEY_UISupportedInterfaceOrientations_iPad = "UIInterfaceOrientationPortrait UIInterfaceOrientationPortraitUpsideDown UIInterfaceOrientationLandscapeLeft UIInterfaceOrientationLandscapeRight";
				INFOPLIST_KEY_UISupportedInterfaceOrientations_iPhone = "UIInterfaceOrientationPortrait UIInterfaceOrientationLandscapeLeft UIInterfaceOrientationLandscapeRight";
				LD_RUNPATH_SEARCH_PATHS = (
					"$(inherited)",
					"@executable_path/Frameworks",
				);
				MARKETING_VERSION = 1.0;
				PRODUCT_BUNDLE_IDENTIFIER = com.ana.PieChart.RickAndMortyVerse;
				PRODUCT_NAME = "$(TARGET_NAME)";
				SWIFT_EMIT_LOC_STRINGS = YES;
				SWIFT_VERSION = 5.0;
				TARGETED_DEVICE_FAMILY = "1,2";
			};
			name = Release;
		};
/* End XCBuildConfiguration section */

/* Begin XCConfigurationList section */
		2BCBED0B2B8EF28A0035C91F /* Build configuration list for PBXProject "RickAndMortyVerse" */ = {
			isa = XCConfigurationList;
			buildConfigurations = (
				2BCBED222B8EF28E0035C91F /* Debug */,
				2BCBED232B8EF28E0035C91F /* Release */,
			);
			defaultConfigurationIsVisible = 0;
			defaultConfigurationName = Release;
		};
		2BCBED242B8EF28E0035C91F /* Build configuration list for PBXNativeTarget "RickAndMortyVerse" */ = {
			isa = XCConfigurationList;
			buildConfigurations = (
				2BCBED252B8EF28E0035C91F /* Debug */,
				2BCBED262B8EF28E0035C91F /* Release */,
			);
			defaultConfigurationIsVisible = 0;
			defaultConfigurationName = Release;
		};
/* End XCConfigurationList section */
	};
	rootObject = 2BCBED082B8EF28A0035C91F /* Project object */;
}
